<?xml version="1.0" encoding="utf-8"?>
<Project ToolsVersion="4.0" xmlns="http://schemas.microsoft.com/developer/msbuild/2003">
  <ItemGroup>
    <Filter Include="Source Files">
      <UniqueIdentifier>{4FC737F1-C7A5-4376-A066-2A32D752A2FF}</UniqueIdentifier>
      <Extensions>cpp;c;cc;cxx;c++;cppm;ixx;def;odl;idl;hpj;bat;asm;asmx</Extensions>
    </Filter>
    <Filter Include="Header Files">
      <UniqueIdentifier>{93995380-89BD-4b04-88EB-625FBE52EBFB}</UniqueIdentifier>
      <Extensions>h;hh;hpp;hxx;h++;hm;inl;inc;ipp;xsd</Extensions>
    </Filter>
    <Filter Include="Resource Files">
      <UniqueIdentifier>{67DA6AB6-F800-4c08-8B7A-83BB121AAD01}</UniqueIdentifier>
      <Extensions>rc;ico;cur;bmp;dlg;rc2;rct;bin;rgs;gif;jpg;jpeg;jpe;resx;tiff;tif;png;wav;mfcribbon-ms</Extensions>
    </Filter>
  </ItemGroup>
  <ItemGroup>
    <ClInclude Include="includes\coolang_define.hpp">
      <Filter>Header Files</Filter>
    </ClInclude>
    <ClInclude Include="includes\coolang_setting.hpp">
      <Filter>Header Files</Filter>
    </ClInclude>
    <ClInclude Include="includes\coolang_vm.hpp">
      <Filter>Header Files</Filter>
    </ClInclude>
    <ClInclude Include="includes\coolang_vm_execute.hpp">
      <Filter>Header Files</Filter>
    </ClInclude>
    <ClInclude Include="includes\coolang_vm_integrate.hpp">
      <Filter>Header Files</Filter>
    </ClInclude>
    <ClInclude Include="includes\json.hpp">
      <Filter>Header Files</Filter>
    </ClInclude>
    <ClInclude Include="includes\pipeCommunication.hpp">
      <Filter>Header Files</Filter>
    </ClInclude>
    <ClInclude Include="includes\coolang_utility.hpp">
      <Filter>Header Files</Filter>
    </ClInclude>
    <ClInclude Include="includes\coolang_exception.hpp">
      <Filter>Header Files</Filter>
    </ClInclude>
    <ClInclude Include="includes\coolang_vm_scan.hpp">
      <Filter>Header Files</Filter>
    </ClInclude>
  </ItemGroup>
  <ItemGroup>
    <ClCompile Include="src\coolang_vm_main.cpp">
      <Filter>Resource Files</Filter>
    </ClCompile>
    <ClCompile Include="coolang_vm_scan.cpp">
      <Filter>Resource Files</Filter>
    </ClCompile>
    <ClCompile Include="coolang_vm_integrate.cpp">
      <Filter>Resource Files</Filter>
    </ClCompile>
    <ClCompile Include="coolang_vm_execute.cpp">
      <Filter>Resource Files</Filter>
    </ClCompile>
    <ClCompile Include="coolang_vm.cpp">
      <Filter>Resource Files</Filter>
    </ClCompile>
    <ClCompile Include="coolang_utility.cpp">
      <Filter>Resource Files</Filter>
    </ClCompile>
    <ClCompile Include="pipeCommunication.cpp">
      <Filter>Resource Files</Filter>
    </ClCompile>
    <ClCompile Include="coolang_define.cpp">
      <Filter>Resource Files</Filter>
    </ClCompile>
    <ClCompile Include="coolang_exception.cpp">
      <Filter>Resource Files</Filter>
    </ClCompile>
  </ItemGroup>
</Project>